
Microsoft Visual Studio Solution File, Format Version 12.00
# Visual Studio Version 16
VisualStudioVersion = 16.0.30413.136
MinimumVisualStudioVersion = 10.0.40219.1
Project("{FAE04EC0-301F-11D3-BF4B-00C04F79EFBC}") = "PriorityIncident.API", "PriorityIncident.API\PriorityIncident.API.csproj", "{5C8671CD-AE62-4215-9A7E-E2FD1EB67A03}"
EndProject
Global
	GlobalSection(SolutionConfigurationPlatforms) = preSolution
		Debug|Any CPU = Debug|Any CPU
		Release|Any CPU = Release|Any CPU
	EndGlobalSection
	GlobalSection(ProjectConfigurationPlatforms) = postSolution
		{5C8671CD-AE62-4215-9A7E-E2FD1EB67A03}.Debug|Any CPU.ActiveCfg = Debug|Any CPU
		{5C8671CD-AE62-4215-9A7E-E2FD1EB67A03}.Debug|Any CPU.Build.0 = Debug|Any CPU
		{5C8671CD-AE62-4215-9A7E-E2FD1EB67A03}.Release|Any CPU.ActiveCfg = Release|Any CPU
		{5C8671CD-AE62-4215-9A7E-E2FD1EB67A03}.Release|Any CPU.Build.0 = Release|Any CPU
	EndGlobalSection
	GlobalSection(SolutionProperties) = preSolution
		HideSolutionNode = FALSE
	EndGlobalSection
	GlobalSection(ExtensibilityGlobals) = postSolution
		SolutionGuid = {F14ED7A8-88E1-4944-9F90-D37CF50D8875}
	EndGlobalSection
EndGlobal
